
Microsoft Visual Studio Solution File, Format Version 12.00
# Visual Studio 15
VisualStudioVersion = 15.0.27703.2026
MinimumVisualStudioVersion = 10.0.40219.1
Project("{FAE04EC0-301F-11D3-BF4B-00C04F79EFBC}") = "GroenWaterverbruik", "GroenWaterverbruik\GroenWaterverbruik.csproj", "{120CCEA9-E4F5-4641-B84C-DA3F3C1FAB07}"
EndProject
Global
	GlobalSection(SolutionConfigurationPlatforms) = preSolution
		Debug|Any CPU = Debug|Any CPU
		Release|Any CPU = Release|Any CPU
	EndGlobalSection
	GlobalSection(ProjectConfigurationPlatforms) = postSolution
		{120CCEA9-E4F5-4641-B84C-DA3F3C1FAB07}.Debug|Any CPU.ActiveCfg = Debug|Any CPU
		{120CCEA9-E4F5-4641-B84C-DA3F3C1FAB07}.Debug|Any CPU.Build.0 = Debug|Any CPU
		{120CCEA9-E4F5-4641-B84C-DA3F3C1FAB07}.Release|Any CPU.ActiveCfg = Release|Any CPU
		{120CCEA9-E4F5-4641-B84C-DA3F3C1FAB07}.Release|Any CPU.Build.0 = Release|Any CPU
	EndGlobalSection
	GlobalSection(SolutionProperties) = preSolution
		HideSolutionNode = FALSE
	EndGlobalSection
	GlobalSection(ExtensibilityGlobals) = postSolution
		SolutionGuid = {27368D63-096D-4331-80EE-C3FE1F0C476F}
	EndGlobalSection
EndGlobal
